
Microsoft Visual Studio Solution File, Format Version 12.00
# Visual Studio 15
VisualStudioVersion = 15.0.28010.2050
MinimumVisualStudioVersion = 10.0.40219.1
Project("{FAE04EC0-301F-11D3-BF4B-00C04F79EFBC}") = "CarbonController", "CarbonController\CarbonController.csproj", "{7C22DF93-C09E-45D1-9036-F604E6978815}"
EndProject
Project("{FAE04EC0-301F-11D3-BF4B-00C04F79EFBC}") = "CarbonController.DataAccess", "CarbonController.DataAccess\CarbonController.DataAccess.csproj", "{D07B1DE0-76C9-49EE-812D-415B3D8C64A0}"
EndProject
Global
	GlobalSection(SolutionConfigurationPlatforms) = preSolution
		Debug|Any CPU = Debug|Any CPU
		Release|Any CPU = Release|Any CPU
	EndGlobalSection
	GlobalSection(ProjectConfigurationPlatforms) = postSolution
		{7C22DF93-C09E-45D1-9036-F604E6978815}.Debug|Any CPU.ActiveCfg = Debug|Any CPU
		{7C22DF93-C09E-45D1-9036-F604E6978815}.Debug|Any CPU.Build.0 = Debug|Any CPU
		{7C22DF93-C09E-45D1-9036-F604E6978815}.Release|Any CPU.ActiveCfg = Release|Any CPU
		{7C22DF93-C09E-45D1-9036-F604E6978815}.Release|Any CPU.Build.0 = Release|Any CPU
		{D07B1DE0-76C9-49EE-812D-415B3D8C64A0}.Debug|Any CPU.ActiveCfg = Debug|Any CPU
		{D07B1DE0-76C9-49EE-812D-415B3D8C64A0}.Debug|Any CPU.Build.0 = Debug|Any CPU
		{D07B1DE0-76C9-49EE-812D-415B3D8C64A0}.Release|Any CPU.ActiveCfg = Release|Any CPU
		{D07B1DE0-76C9-49EE-812D-415B3D8C64A0}.Release|Any CPU.Build.0 = Release|Any CPU
	EndGlobalSection
	GlobalSection(SolutionProperties) = preSolution
		HideSolutionNode = FALSE
	EndGlobalSection
	GlobalSection(ExtensibilityGlobals) = postSolution
		SolutionGuid = {7B18A5CB-5FA4-4794-9939-9265814DD63B}
	EndGlobalSection
EndGlobal
